
Microsoft Visual Studio Solution File, Format Version 12.00
# Visual Studio 15
VisualStudioVersion = 15.0.27130.2010
MinimumVisualStudioVersion = 10.0.40219.1
Project("{8BC9CEB8-8B4A-11D0-8D11-00A0C91BC942}") = "LibCUDA", "cudalib\cudalib.vcxproj", "{65073578-B99A-4D67-8086-CE2C040376A0}"
EndProject
Project("{8BC9CEB8-8B4A-11D0-8D11-00A0C91BC942}") = "rhminer", "rhminer\rhminer.vcxproj", "{DCB0F1CD-A563-4A85-9711-256955B6467C}"
	ProjectSection(ProjectDependencies) = postProject
		{1E6C2C1C-6453-4129-AE3F-0EE8E6599C89} = {1E6C2C1C-6453-4129-AE3F-0EE8E6599C89}
	EndProjectSection
EndProject
Project("{8BC9CEB8-8B4A-11D0-8D11-00A0C91BC942}") = "lib_json", "jsoncpp-1.8.0\makefiles\msvc2010\lib_json.vcxproj", "{1E6C2C1C-6453-4129-AE3F-0EE8E6599C89}"
EndProject
Global
	GlobalSection(SolutionConfigurationPlatforms) = preSolution
		Debug|x64 = Debug|x64
		Release_CPU_OLDGEN|x64 = Release_CPU_OLDGEN|x64
		Release_CPU|x64 = Release_CPU|x64
		Release_Kepler|x64 = Release_Kepler|x64
		Release_Maxwell|x64 = Release_Maxwell|x64
		Release_Pascal|x64 = Release_Pascal|x64
		Release_Volta|x64 = Release_Volta|x64
	EndGlobalSection
	GlobalSection(ProjectConfigurationPlatforms) = postSolution
		{65073578-B99A-4D67-8086-CE2C040376A0}.Debug|x64.ActiveCfg = Debug|x64
		{65073578-B99A-4D67-8086-CE2C040376A0}.Debug|x64.Build.0 = Debug|x64
		{65073578-B99A-4D67-8086-CE2C040376A0}.Release_CPU_OLDGEN|x64.ActiveCfg = Release_CPU_OLDGEN|x64
		{65073578-B99A-4D67-8086-CE2C040376A0}.Release_CPU_OLDGEN|x64.Build.0 = Release_CPU_OLDGEN|x64
		{65073578-B99A-4D67-8086-CE2C040376A0}.Release_CPU|x64.ActiveCfg = Release_CPU|x64
		{65073578-B99A-4D67-8086-CE2C040376A0}.Release_CPU|x64.Build.0 = Release_CPU|x64
		{65073578-B99A-4D67-8086-CE2C040376A0}.Release_Kepler|x64.ActiveCfg = Release_Kepler|x64
		{65073578-B99A-4D67-8086-CE2C040376A0}.Release_Kepler|x64.Build.0 = Release_Kepler|x64
		{65073578-B99A-4D67-8086-CE2C040376A0}.Release_Maxwell|x64.ActiveCfg = Release_Maxwell|x64
		{65073578-B99A-4D67-8086-CE2C040376A0}.Release_Maxwell|x64.Build.0 = Release_Maxwell|x64
		{65073578-B99A-4D67-8086-CE2C040376A0}.Release_Pascal|x64.ActiveCfg = Release_Pascal|x64
		{65073578-B99A-4D67-8086-CE2C040376A0}.Release_Pascal|x64.Build.0 = Release_Pascal|x64
		{65073578-B99A-4D67-8086-CE2C040376A0}.Release_Volta|x64.ActiveCfg = Release_Volta|x64
		{65073578-B99A-4D67-8086-CE2C040376A0}.Release_Volta|x64.Build.0 = Release_Volta|x64
		{DCB0F1CD-A563-4A85-9711-256955B6467C}.Debug|x64.ActiveCfg = Debug|x64
		{DCB0F1CD-A563-4A85-9711-256955B6467C}.Debug|x64.Build.0 = Debug|x64
		{DCB0F1CD-A563-4A85-9711-256955B6467C}.Debug|x64.Deploy.0 = Debug|x64
		{DCB0F1CD-A563-4A85-9711-256955B6467C}.Release_CPU_OLDGEN|x64.ActiveCfg = Release_CPU_OLDGEN|x64
		{DCB0F1CD-A563-4A85-9711-256955B6467C}.Release_CPU_OLDGEN|x64.Build.0 = Release_CPU_OLDGEN|x64
		{DCB0F1CD-A563-4A85-9711-256955B6467C}.Release_CPU|x64.ActiveCfg = Release_CPU|x64
		{DCB0F1CD-A563-4A85-9711-256955B6467C}.Release_CPU|x64.Build.0 = Release_CPU|x64
		{DCB0F1CD-A563-4A85-9711-256955B6467C}.Release_Kepler|x64.ActiveCfg = Release_Kepler|x64
		{DCB0F1CD-A563-4A85-9711-256955B6467C}.Release_Kepler|x64.Build.0 = Release_Kepler|x64
		{DCB0F1CD-A563-4A85-9711-256955B6467C}.Release_Maxwell|x64.ActiveCfg = Release_Maxwell|x64
		{DCB0F1CD-A563-4A85-9711-256955B6467C}.Release_Maxwell|x64.Build.0 = Release_Maxwell|x64
		{DCB0F1CD-A563-4A85-9711-256955B6467C}.Release_Maxwell|x64.Deploy.0 = Release_Maxwell|x64
		{DCB0F1CD-A563-4A85-9711-256955B6467C}.Release_Pascal|x64.ActiveCfg = Release_Pascal|x64
		{DCB0F1CD-A563-4A85-9711-256955B6467C}.Release_Pascal|x64.Build.0 = Release_Pascal|x64
		{DCB0F1CD-A563-4A85-9711-256955B6467C}.Release_Volta|x64.ActiveCfg = Release_Volta|x64
		{DCB0F1CD-A563-4A85-9711-256955B6467C}.Release_Volta|x64.Build.0 = Release_Volta|x64
		{1E6C2C1C-6453-4129-AE3F-0EE8E6599C89}.Debug|x64.ActiveCfg = Debug|x64
		{1E6C2C1C-6453-4129-AE3F-0EE8E6599C89}.Debug|x64.Build.0 = Debug|x64
		{1E6C2C1C-6453-4129-AE3F-0EE8E6599C89}.Release_CPU_OLDGEN|x64.ActiveCfg = Release_CPU_OLDGEN|x64
		{1E6C2C1C-6453-4129-AE3F-0EE8E6599C89}.Release_CPU_OLDGEN|x64.Build.0 = Release_CPU_OLDGEN|x64
		{1E6C2C1C-6453-4129-AE3F-0EE8E6599C89}.Release_CPU|x64.ActiveCfg = Release_CPU|x64
		{1E6C2C1C-6453-4129-AE3F-0EE8E6599C89}.Release_CPU|x64.Build.0 = Release_CPU|x64
		{1E6C2C1C-6453-4129-AE3F-0EE8E6599C89}.Release_Kepler|x64.ActiveCfg = Release_Kepler|x64
		{1E6C2C1C-6453-4129-AE3F-0EE8E6599C89}.Release_Kepler|x64.Build.0 = Release_Kepler|x64
		{1E6C2C1C-6453-4129-AE3F-0EE8E6599C89}.Release_Maxwell|x64.ActiveCfg = Release_Maxwell|x64
		{1E6C2C1C-6453-4129-AE3F-0EE8E6599C89}.Release_Maxwell|x64.Build.0 = Release_Maxwell|x64
		{1E6C2C1C-6453-4129-AE3F-0EE8E6599C89}.Release_Pascal|x64.ActiveCfg = Release_Pascal|x64
		{1E6C2C1C-6453-4129-AE3F-0EE8E6599C89}.Release_Pascal|x64.Build.0 = Release_Pascal|x64
		{1E6C2C1C-6453-4129-AE3F-0EE8E6599C89}.Release_Volta|x64.ActiveCfg = Release_Volta|x64
		{1E6C2C1C-6453-4129-AE3F-0EE8E6599C89}.Release_Volta|x64.Build.0 = Release_Volta|x64
	EndGlobalSection
	GlobalSection(SolutionProperties) = preSolution
		HideSolutionNode = FALSE
	EndGlobalSection
	GlobalSection(ExtensibilityGlobals) = postSolution
		SolutionGuid = {01BEAEF6-072E-47C6-8EA2-F8BF8A35FD67}
	EndGlobalSection
EndGlobal
